{
  "name": "assignment-6",
  "lockfileVersion": 2,
  "requires": true,
  "packages": {
    "": {
      "dependencies": {
        "loading-css": "^0.2.0"
      }
    },
    "node_modules/loading-css": {
      "version": "0.2.0",
      "resolved": "https://registry.npmjs.org/loading-css/-/loading-css-0.2.0.tgz",
      "integrity": "sha512-Pv2M/ApUmkbb+DllOG8GxgVkXrKPLESH7uYWSRfSR/d4TQ0Vq0UwUaahis/hDso+HSfbPEtTFv293/1pNhBHgQ=="
    }
  },
  "dependencies": {
    "loading-css": {
      "version": "0.2.0",
      "resolved": "https://registry.npmjs.org/loading-css/-/loading-css-0.2.0.tgz",
      "integrity": "sha512-Pv2M/ApUmkbb+DllOG8GxgVkXrKPLESH7uYWSRfSR/d4TQ0Vq0UwUaahis/hDso+HSfbPEtTFv293/1pNhBHgQ=="
    }
  }
}
